
Microsoft Visual Studio Solution File, Format Version 12.00
# Visual Studio Version 16
VisualStudioVersion = 16.0.33927.289
MinimumVisualStudioVersion = 10.0.40219.1
Project("{2150E333-8FDC-42A3-9474-1A3956D46DE8}") = "Task0", "Task0", "{DA48D99A-5623-4816-8F3A-827BC511DFFC}"
EndProject
Project("{FAE04EC0-301F-11D3-BF4B-00C04F79EFBC}") = "Tyuiu.BelovaEA.Sprint4.Task0.V30", "Tyuiu.BelovaEA.Sprint4.Task0.V30\Tyuiu.BelovaEA.Sprint4.Task0.V30.csproj", "{F2FEE2DA-733F-46BB-919E-26FE7DBB23E1}"
EndProject
Project("{FAE04EC0-301F-11D3-BF4B-00C04F79EFBC}") = "Tyuiu.BelovaEA.Sprint4.Task0.V30.Test", "Tyuiu.BelovaEA.Sprint4.Task0.V30.Test\Tyuiu.BelovaEA.Sprint4.Task0.V30.Test.csproj", "{C2570804-B351-43A6-A5F2-E82668E30356}"
EndProject
Project("{FAE04EC0-301F-11D3-BF4B-00C04F79EFBC}") = "Tyuiu.BelovaEA.Sprint4.Task0.V30.Lib", "Tyuiu.BelovaEA.Sprint4.Task0.V30.Lib\Tyuiu.BelovaEA.Sprint4.Task0.V30.Lib.csproj", "{AD8B4520-FE3A-4537-AC38-1E21D6694572}"
EndProject
Project("{2150E333-8FDC-42A3-9474-1A3956D46DE8}") = "Task1", "Task1", "{424E8AC4-F02B-4F92-8B48-EA885773ADEF}"
EndProject
Project("{FAE04EC0-301F-11D3-BF4B-00C04F79EFBC}") = "Tyuiu.BelovaEA.Sprint4.Task1.V15", "Tyuiu.BelovaEA.Sprint4.Task1.V15\Tyuiu.BelovaEA.Sprint4.Task1.V15.csproj", "{081E12AC-EBF7-4597-8039-5E4468CF0C16}"
EndProject
Project("{FAE04EC0-301F-11D3-BF4B-00C04F79EFBC}") = "Tyuiu.BelovaEA.Sprint4.Task1.V15.Lib", "Tyuiu.BelovaEA.Sprint4.Task1.V15.Lib\Tyuiu.BelovaEA.Sprint4.Task1.V15.Lib.csproj", "{62D35C38-DF77-415F-969A-BF6C02B3CA67}"
EndProject
Project("{FAE04EC0-301F-11D3-BF4B-00C04F79EFBC}") = "Tyuiu.BelovaEA.Sprint4.Task1.V15.Test", "Tyuiu.BelovaEA.Sprint4.Task1.V15.Test\Tyuiu.BelovaEA.Sprint4.Task1.V15.Test.csproj", "{BD7C152E-5BA0-487B-9E3D-844D198E681B}"
EndProject
Project("{2150E333-8FDC-42A3-9474-1A3956D46DE8}") = "Task2", "Task2", "{D4C20944-5457-4DB1-9B96-7817E7088EE8}"
EndProject
Project("{FAE04EC0-301F-11D3-BF4B-00C04F79EFBC}") = "Tyuiu.BelovaEA.Sprint4.Task2.V21", "Tyuiu.BelovaEA.Sprint4.Task2.V21\Tyuiu.BelovaEA.Sprint4.Task2.V21.csproj", "{B209F66D-6C42-4509-8870-DF5B15C90FA7}"
EndProject
Project("{FAE04EC0-301F-11D3-BF4B-00C04F79EFBC}") = "Tyuiu.BelovaEA.Sprint4.Task2.V21.Test", "Tyuiu.BelovaEA.Sprint4.Task2.V21.Test\Tyuiu.BelovaEA.Sprint4.Task2.V21.Test.csproj", "{54A74496-AF7C-4A36-9DA1-B79F9F8B41BF}"
EndProject
Project("{FAE04EC0-301F-11D3-BF4B-00C04F79EFBC}") = "Tyuiu.BelovaEA.Sprint4.Task2.V21.Lib", "Tyuiu.BelovaEA.Sprint4.Task2.V21.Lib\Tyuiu.BelovaEA.Sprint4.Task2.V21.Lib.csproj", "{A800D979-63DF-4D75-A357-A9E5894CECD4}"
EndProject
Project("{2150E333-8FDC-42A3-9474-1A3956D46DE8}") = "Task3", "Task3", "{2A88B8B4-7D35-45E7-8C39-58103E15C53B}"
EndProject
Project("{FAE04EC0-301F-11D3-BF4B-00C04F79EFBC}") = "Tyuiu.BelovaEA.Sprint4.Task3.V13", "Tyuiu.BelovaEA.Sprint4.Task3.V13\Tyuiu.BelovaEA.Sprint4.Task3.V13.csproj", "{6BA48233-DA69-435B-8AAB-42190BA82301}"
EndProject
Project("{FAE04EC0-301F-11D3-BF4B-00C04F79EFBC}") = "Tyuiu.BelovaEA.Sprint4.Task3.V13.Test", "Tyuiu.BelovaEA.Sprint4.Task3.V13.Test\Tyuiu.BelovaEA.Sprint4.Task3.V13.Test.csproj", "{89499D9B-1EC3-4C6A-9E2D-06561DC4F1CE}"
EndProject
Project("{FAE04EC0-301F-11D3-BF4B-00C04F79EFBC}") = "Tyuiu.BelovaEA.Sprint4.Task3.V13.Lib", "Tyuiu.BelovaEA.Sprint4.Task3.V13.Lib\Tyuiu.BelovaEA.Sprint4.Task3.V13.Lib.csproj", "{7B8CFA88-B126-4045-981B-98B071B1B552}"
EndProject
Project("{2150E333-8FDC-42A3-9474-1A3956D46DE8}") = "Task4", "Task4", "{2951A81A-8561-4D80-AC61-C6BFFD2A96D1}"
	ProjectSection(SolutionItems) = preProject
		Tyuiu.BelovaEA.Sprint4.Task4.V27\Program.cs = Tyuiu.BelovaEA.Sprint4.Task4.V27\Program.cs
	EndProjectSection
EndProject
Project("{FAE04EC0-301F-11D3-BF4B-00C04F79EFBC}") = "Tyuiu.BelovaEA.Sprint4.Task4.V27", "Tyuiu.BelovaEA.Sprint4.Task4.V27\Tyuiu.BelovaEA.Sprint4.Task4.V27.csproj", "{B6399BA0-394B-4373-85BF-E64555BE4ACE}"
EndProject
Project("{FAE04EC0-301F-11D3-BF4B-00C04F79EFBC}") = "Tyuiu.BelovaEA.Sprint4.Task4.V27.Test", "Tyuiu.BelovaEA.Sprint4.Task4.V27.Test\Tyuiu.BelovaEA.Sprint4.Task4.V27.Test.csproj", "{13E471BE-5AB4-437A-87DD-69D44F06866E}"
EndProject
Project("{FAE04EC0-301F-11D3-BF4B-00C04F79EFBC}") = "Tyuiu.BelovaEA.Sprint4.Task4.V27.Lib", "Tyuiu.BelovaEA.Sprint4.Task4.V27.Lib\Tyuiu.BelovaEA.Sprint4.Task4.V27.Lib.csproj", "{645C0F15-912D-4886-9E08-AF1C973B6F1D}"
EndProject
Project("{2150E333-8FDC-42A3-9474-1A3956D46DE8}") = "Task5", "Task5", "{E8F90A6D-6703-4F13-8D39-D68402440816}"
EndProject
Project("{FAE04EC0-301F-11D3-BF4B-00C04F79EFBC}") = "Tyuiu.BelovaEA.Sprint4.Task5.V23", "Tyuiu.BelovaEA.Sprint4.Task5.V23\Tyuiu.BelovaEA.Sprint4.Task5.V23.csproj", "{3E3BC4CE-F68C-444C-BB95-80BC144D84D0}"
EndProject
Project("{FAE04EC0-301F-11D3-BF4B-00C04F79EFBC}") = "Tyuiu.BelovaEA.Sprint4.Task5.V23.Lib", "Tyuiu.BelovaEA.Sprint4.Task5.V23.Lib\Tyuiu.BelovaEA.Sprint4.Task5.V23.Lib.csproj", "{B8466E5E-C657-471E-8552-2CD1DE87A9C1}"
EndProject
Project("{FAE04EC0-301F-11D3-BF4B-00C04F79EFBC}") = "Tyuiu.BelovaEA.Sprint4.Task5.V23.Test", "Tyuiu.BelovaEA.Sprint4.Task5.V23.Test\Tyuiu.BelovaEA.Sprint4.Task5.V23.Test.csproj", "{C2017CE5-23D3-4D49-BF51-77CBBFF11375}"
EndProject
Project("{2150E333-8FDC-42A3-9474-1A3956D46DE8}") = "Task6", "Task6", "{AE612417-3692-4339-BECE-7372F8559A64}"
EndProject
Project("{FAE04EC0-301F-11D3-BF4B-00C04F79EFBC}") = "Tyuiu.BelovaEA.Sprint4.Task6.V24", "Tyuiu.BelovaEA.Sprint4.Task6.V24\Tyuiu.BelovaEA.Sprint4.Task6.V24.csproj", "{4750BC10-AFDB-40B0-BEF0-F6323074C7FB}"
EndProject
Project("{FAE04EC0-301F-11D3-BF4B-00C04F79EFBC}") = "Tyuiu.BelovaEA.Sprint4.Task6.V24.Test", "Tyuiu.BelovaEA.Sprint4.Task6.V24.Test\Tyuiu.BelovaEA.Sprint4.Task6.V24.Test.csproj", "{8829C27D-3375-467F-86CE-D75926A008D8}"
EndProject
Project("{FAE04EC0-301F-11D3-BF4B-00C04F79EFBC}") = "Tyuiu.BelovaEA.Sprint4.Task6.V24.Lib", "Tyuiu.BelovaEA.Sprint4.Task6.V24.Lib\Tyuiu.BelovaEA.Sprint4.Task6.V24.Lib.csproj", "{A4B00C13-8F6B-4924-88F9-52DA831E9A5A}"
EndProject
Project("{2150E333-8FDC-42A3-9474-1A3956D46DE8}") = "Task7", "Task7", "{5BEB54F4-36C1-4663-8FA3-A8E3A21256FE}"
EndProject
Project("{FAE04EC0-301F-11D3-BF4B-00C04F79EFBC}") = "Tyuiu.BelovaEA.Sprint4.Task7.V5", "Tyuiu.BelovaEA.Sprint4.Task7.V5\Tyuiu.BelovaEA.Sprint4.Task7.V5.csproj", "{8444D53D-99C4-4E65-9761-8F25A1DCCF73}"
EndProject
Project("{FAE04EC0-301F-11D3-BF4B-00C04F79EFBC}") = "Tyuiu.BelovaEA.Sprint4.Task7.V5.Lib", "Tyuiu.BelovaEA.Sprint4.Task7.V5.Lib\Tyuiu.BelovaEA.Sprint4.Task7.V5.Lib.csproj", "{A4178538-1C76-4678-829E-95611FE713F4}"
EndProject
Project("{FAE04EC0-301F-11D3-BF4B-00C04F79EFBC}") = "Tyuiu.BelovaEA.Sprint4.Task7.V5.Test", "Tyuiu.BelovaEA.Sprint4.Task7.V5.Test\Tyuiu.BelovaEA.Sprint4.Task7.V5.Test.csproj", "{6FD7553C-4BFD-4538-9C17-0372EA32D0AB}"
EndProject
Global
	GlobalSection(SolutionConfigurationPlatforms) = preSolution
		Debug|Any CPU = Debug|Any CPU
		Release|Any CPU = Release|Any CPU
	EndGlobalSection
	GlobalSection(ProjectConfigurationPlatforms) = postSolution
		{F2FEE2DA-733F-46BB-919E-26FE7DBB23E1}.Debug|Any CPU.ActiveCfg = Debug|Any CPU
		{F2FEE2DA-733F-46BB-919E-26FE7DBB23E1}.Debug|Any CPU.Build.0 = Debug|Any CPU
		{F2FEE2DA-733F-46BB-919E-26FE7DBB23E1}.Release|Any CPU.ActiveCfg = Release|Any CPU
		{F2FEE2DA-733F-46BB-919E-26FE7DBB23E1}.Release|Any CPU.Build.0 = Release|Any CPU
		{C2570804-B351-43A6-A5F2-E82668E30356}.Debug|Any CPU.ActiveCfg = Debug|Any CPU
		{C2570804-B351-43A6-A5F2-E82668E30356}.Debug|Any CPU.Build.0 = Debug|Any CPU
		{C2570804-B351-43A6-A5F2-E82668E30356}.Release|Any CPU.ActiveCfg = Release|Any CPU
		{C2570804-B351-43A6-A5F2-E82668E30356}.Release|Any CPU.Build.0 = Release|Any CPU
		{AD8B4520-FE3A-4537-AC38-1E21D6694572}.Debug|Any CPU.ActiveCfg = Debug|Any CPU
		{AD8B4520-FE3A-4537-AC38-1E21D6694572}.Debug|Any CPU.Build.0 = Debug|Any CPU
		{AD8B4520-FE3A-4537-AC38-1E21D6694572}.Release|Any CPU.ActiveCfg = Release|Any CPU
		{AD8B4520-FE3A-4537-AC38-1E21D6694572}.Release|Any CPU.Build.0 = Release|Any CPU
		{081E12AC-EBF7-4597-8039-5E4468CF0C16}.Debug|Any CPU.ActiveCfg = Debug|Any CPU
		{081E12AC-EBF7-4597-8039-5E4468CF0C16}.Debug|Any CPU.Build.0 = Debug|Any CPU
		{081E12AC-EBF7-4597-8039-5E4468CF0C16}.Release|Any CPU.ActiveCfg = Release|Any CPU
		{081E12AC-EBF7-4597-8039-5E4468CF0C16}.Release|Any CPU.Build.0 = Release|Any CPU
		{62D35C38-DF77-415F-969A-BF6C02B3CA67}.Debug|Any CPU.ActiveCfg = Debug|Any CPU
		{62D35C38-DF77-415F-969A-BF6C02B3CA67}.Debug|Any CPU.Build.0 = Debug|Any CPU
		{62D35C38-DF77-415F-969A-BF6C02B3CA67}.Release|Any CPU.ActiveCfg = Release|Any CPU
		{62D35C38-DF77-415F-969A-BF6C02B3CA67}.Release|Any CPU.Build.0 = Release|Any CPU
		{BD7C152E-5BA0-487B-9E3D-844D198E681B}.Debug|Any CPU.ActiveCfg = Debug|Any CPU
		{BD7C152E-5BA0-487B-9E3D-844D198E681B}.Debug|Any CPU.Build.0 = Debug|Any CPU
		{BD7C152E-5BA0-487B-9E3D-844D198E681B}.Release|Any CPU.ActiveCfg = Release|Any CPU
		{BD7C152E-5BA0-487B-9E3D-844D198E681B}.Release|Any CPU.Build.0 = Release|Any CPU
		{B209F66D-6C42-4509-8870-DF5B15C90FA7}.Debug|Any CPU.ActiveCfg = Debug|Any CPU
		{B209F66D-6C42-4509-8870-DF5B15C90FA7}.Debug|Any CPU.Build.0 = Debug|Any CPU
		{B209F66D-6C42-4509-8870-DF5B15C90FA7}.Release|Any CPU.ActiveCfg = Release|Any CPU
		{B209F66D-6C42-4509-8870-DF5B15C90FA7}.Release|Any CPU.Build.0 = Release|Any CPU
		{54A74496-AF7C-4A36-9DA1-B79F9F8B41BF}.Debug|Any CPU.ActiveCfg = Debug|Any CPU
		{54A74496-AF7C-4A36-9DA1-B79F9F8B41BF}.Debug|Any CPU.Build.0 = Debug|Any CPU
		{54A74496-AF7C-4A36-9DA1-B79F9F8B41BF}.Release|Any CPU.ActiveCfg = Release|Any CPU
		{54A74496-AF7C-4A36-9DA1-B79F9F8B41BF}.Release|Any CPU.Build.0 = Release|Any CPU
		{A800D979-63DF-4D75-A357-A9E5894CECD4}.Debug|Any CPU.ActiveCfg = Debug|Any CPU
		{A800D979-63DF-4D75-A357-A9E5894CECD4}.Debug|Any CPU.Build.0 = Debug|Any CPU
		{A800D979-63DF-4D75-A357-A9E5894CECD4}.Release|Any CPU.ActiveCfg = Release|Any CPU
		{A800D979-63DF-4D75-A357-A9E5894CECD4}.Release|Any CPU.Build.0 = Release|Any CPU
		{6BA48233-DA69-435B-8AAB-42190BA82301}.Debug|Any CPU.ActiveCfg = Debug|Any CPU
		{6BA48233-DA69-435B-8AAB-42190BA82301}.Debug|Any CPU.Build.0 = Debug|Any CPU
		{6BA48233-DA69-435B-8AAB-42190BA82301}.Release|Any CPU.ActiveCfg = Release|Any CPU
		{6BA48233-DA69-435B-8AAB-42190BA82301}.Release|Any CPU.Build.0 = Release|Any CPU
		{89499D9B-1EC3-4C6A-9E2D-06561DC4F1CE}.Debug|Any CPU.ActiveCfg = Debug|Any CPU
		{89499D9B-1EC3-4C6A-9E2D-06561DC4F1CE}.Debug|Any CPU.Build.0 = Debug|Any CPU
		{89499D9B-1EC3-4C6A-9E2D-06561DC4F1CE}.Release|Any CPU.ActiveCfg = Release|Any CPU
		{89499D9B-1EC3-4C6A-9E2D-06561DC4F1CE}.Release|Any CPU.Build.0 = Release|Any CPU
		{7B8CFA88-B126-4045-981B-98B071B1B552}.Debug|Any CPU.ActiveCfg = Debug|Any CPU
		{7B8CFA88-B126-4045-981B-98B071B1B552}.Debug|Any CPU.Build.0 = Debug|Any CPU
		{7B8CFA88-B126-4045-981B-98B071B1B552}.Release|Any CPU.ActiveCfg = Release|Any CPU
		{7B8CFA88-B126-4045-981B-98B071B1B552}.Release|Any CPU.Build.0 = Release|Any CPU
		{B6399BA0-394B-4373-85BF-E64555BE4ACE}.Debug|Any CPU.ActiveCfg = Debug|Any CPU
		{B6399BA0-394B-4373-85BF-E64555BE4ACE}.Debug|Any CPU.Build.0 = Debug|Any CPU
		{B6399BA0-394B-4373-85BF-E64555BE4ACE}.Release|Any CPU.ActiveCfg = Release|Any CPU
		{B6399BA0-394B-4373-85BF-E64555BE4ACE}.Release|Any CPU.Build.0 = Release|Any CPU
		{13E471BE-5AB4-437A-87DD-69D44F06866E}.Debug|Any CPU.ActiveCfg = Debug|Any CPU
		{13E471BE-5AB4-437A-87DD-69D44F06866E}.Debug|Any CPU.Build.0 = Debug|Any CPU
		{13E471BE-5AB4-437A-87DD-69D44F06866E}.Release|Any CPU.ActiveCfg = Release|Any CPU
		{13E471BE-5AB4-437A-87DD-69D44F06866E}.Release|Any CPU.Build.0 = Release|Any CPU
		{645C0F15-912D-4886-9E08-AF1C973B6F1D}.Debug|Any CPU.ActiveCfg = Debug|Any CPU
		{645C0F15-912D-4886-9E08-AF1C973B6F1D}.Debug|Any CPU.Build.0 = Debug|Any CPU
		{645C0F15-912D-4886-9E08-AF1C973B6F1D}.Release|Any CPU.ActiveCfg = Release|Any CPU
		{645C0F15-912D-4886-9E08-AF1C973B6F1D}.Release|Any CPU.Build.0 = Release|Any CPU
		{3E3BC4CE-F68C-444C-BB95-80BC144D84D0}.Debug|Any CPU.ActiveCfg = Debug|Any CPU
		{3E3BC4CE-F68C-444C-BB95-80BC144D84D0}.Debug|Any CPU.Build.0 = Debug|Any CPU
		{3E3BC4CE-F68C-444C-BB95-80BC144D84D0}.Release|Any CPU.ActiveCfg = Release|Any CPU
		{3E3BC4CE-F68C-444C-BB95-80BC144D84D0}.Release|Any CPU.Build.0 = Release|Any CPU
		{B8466E5E-C657-471E-8552-2CD1DE87A9C1}.Debug|Any CPU.ActiveCfg = Debug|Any CPU
		{B8466E5E-C657-471E-8552-2CD1DE87A9C1}.Debug|Any CPU.Build.0 = Debug|Any CPU
		{B8466E5E-C657-471E-8552-2CD1DE87A9C1}.Release|Any CPU.ActiveCfg = Release|Any CPU
		{B8466E5E-C657-471E-8552-2CD1DE87A9C1}.Release|Any CPU.Build.0 = Release|Any CPU
		{C2017CE5-23D3-4D49-BF51-77CBBFF11375}.Debug|Any CPU.ActiveCfg = Debug|Any CPU
		{C2017CE5-23D3-4D49-BF51-77CBBFF11375}.Debug|Any CPU.Build.0 = Debug|Any CPU
		{C2017CE5-23D3-4D49-BF51-77CBBFF11375}.Release|Any CPU.ActiveCfg = Release|Any CPU
		{C2017CE5-23D3-4D49-BF51-77CBBFF11375}.Release|Any CPU.Build.0 = Release|Any CPU
		{4750BC10-AFDB-40B0-BEF0-F6323074C7FB}.Debug|Any CPU.ActiveCfg = Debug|Any CPU
		{4750BC10-AFDB-40B0-BEF0-F6323074C7FB}.Debug|Any CPU.Build.0 = Debug|Any CPU
		{4750BC10-AFDB-40B0-BEF0-F6323074C7FB}.Release|Any CPU.ActiveCfg = Release|Any CPU
		{4750BC10-AFDB-40B0-BEF0-F6323074C7FB}.Release|Any CPU.Build.0 = Release|Any CPU
		{8829C27D-3375-467F-86CE-D75926A008D8}.Debug|Any CPU.ActiveCfg = Debug|Any CPU
		{8829C27D-3375-467F-86CE-D75926A008D8}.Debug|Any CPU.Build.0 = Debug|Any CPU
		{8829C27D-3375-467F-86CE-D75926A008D8}.Release|Any CPU.ActiveCfg = Release|Any CPU
		{8829C27D-3375-467F-86CE-D75926A008D8}.Release|Any CPU.Build.0 = Release|Any CPU
		{A4B00C13-8F6B-4924-88F9-52DA831E9A5A}.Debug|Any CPU.ActiveCfg = Debug|Any CPU
		{A4B00C13-8F6B-4924-88F9-52DA831E9A5A}.Debug|Any CPU.Build.0 = Debug|Any CPU
		{A4B00C13-8F6B-4924-88F9-52DA831E9A5A}.Release|Any CPU.ActiveCfg = Release|Any CPU
		{A4B00C13-8F6B-4924-88F9-52DA831E9A5A}.Release|Any CPU.Build.0 = Release|Any CPU
		{8444D53D-99C4-4E65-9761-8F25A1DCCF73}.Debug|Any CPU.ActiveCfg = Debug|Any CPU
		{8444D53D-99C4-4E65-9761-8F25A1DCCF73}.Debug|Any CPU.Build.0 = Debug|Any CPU
		{8444D53D-99C4-4E65-9761-8F25A1DCCF73}.Release|Any CPU.ActiveCfg = Release|Any CPU
		{8444D53D-99C4-4E65-9761-8F25A1DCCF73}.Release|Any CPU.Build.0 = Release|Any CPU
		{A4178538-1C76-4678-829E-95611FE713F4}.Debug|Any CPU.ActiveCfg = Debug|Any CPU
		{A4178538-1C76-4678-829E-95611FE713F4}.Debug|Any CPU.Build.0 = Debug|Any CPU
		{A4178538-1C76-4678-829E-95611FE713F4}.Release|Any CPU.ActiveCfg = Release|Any CPU
		{A4178538-1C76-4678-829E-95611FE713F4}.Release|Any CPU.Build.0 = Release|Any CPU
		{6FD7553C-4BFD-4538-9C17-0372EA32D0AB}.Debug|Any CPU.ActiveCfg = Debug|Any CPU
		{6FD7553C-4BFD-4538-9C17-0372EA32D0AB}.Debug|Any CPU.Build.0 = Debug|Any CPU
		{6FD7553C-4BFD-4538-9C17-0372EA32D0AB}.Release|Any CPU.ActiveCfg = Release|Any CPU
		{6FD7553C-4BFD-4538-9C17-0372EA32D0AB}.Release|Any CPU.Build.0 = Release|Any CPU
	EndGlobalSection
	GlobalSection(SolutionProperties) = preSolution
		HideSolutionNode = FALSE
	EndGlobalSection
	GlobalSection(NestedProjects) = preSolution
		{F2FEE2DA-733F-46BB-919E-26FE7DBB23E1} = {DA48D99A-5623-4816-8F3A-827BC511DFFC}
		{C2570804-B351-43A6-A5F2-E82668E30356} = {DA48D99A-5623-4816-8F3A-827BC511DFFC}
		{AD8B4520-FE3A-4537-AC38-1E21D6694572} = {DA48D99A-5623-4816-8F3A-827BC511DFFC}
		{081E12AC-EBF7-4597-8039-5E4468CF0C16} = {424E8AC4-F02B-4F92-8B48-EA885773ADEF}
		{62D35C38-DF77-415F-969A-BF6C02B3CA67} = {424E8AC4-F02B-4F92-8B48-EA885773ADEF}
		{BD7C152E-5BA0-487B-9E3D-844D198E681B} = {424E8AC4-F02B-4F92-8B48-EA885773ADEF}
		{B209F66D-6C42-4509-8870-DF5B15C90FA7} = {D4C20944-5457-4DB1-9B96-7817E7088EE8}
		{54A74496-AF7C-4A36-9DA1-B79F9F8B41BF} = {D4C20944-5457-4DB1-9B96-7817E7088EE8}
		{A800D979-63DF-4D75-A357-A9E5894CECD4} = {D4C20944-5457-4DB1-9B96-7817E7088EE8}
		{6BA48233-DA69-435B-8AAB-42190BA82301} = {2A88B8B4-7D35-45E7-8C39-58103E15C53B}
		{89499D9B-1EC3-4C6A-9E2D-06561DC4F1CE} = {2A88B8B4-7D35-45E7-8C39-58103E15C53B}
		{7B8CFA88-B126-4045-981B-98B071B1B552} = {2A88B8B4-7D35-45E7-8C39-58103E15C53B}
		{B6399BA0-394B-4373-85BF-E64555BE4ACE} = {2951A81A-8561-4D80-AC61-C6BFFD2A96D1}
		{13E471BE-5AB4-437A-87DD-69D44F06866E} = {2951A81A-8561-4D80-AC61-C6BFFD2A96D1}
		{645C0F15-912D-4886-9E08-AF1C973B6F1D} = {2951A81A-8561-4D80-AC61-C6BFFD2A96D1}
		{3E3BC4CE-F68C-444C-BB95-80BC144D84D0} = {E8F90A6D-6703-4F13-8D39-D68402440816}
		{B8466E5E-C657-471E-8552-2CD1DE87A9C1} = {E8F90A6D-6703-4F13-8D39-D68402440816}
		{C2017CE5-23D3-4D49-BF51-77CBBFF11375} = {E8F90A6D-6703-4F13-8D39-D68402440816}
		{4750BC10-AFDB-40B0-BEF0-F6323074C7FB} = {AE612417-3692-4339-BECE-7372F8559A64}
		{8829C27D-3375-467F-86CE-D75926A008D8} = {AE612417-3692-4339-BECE-7372F8559A64}
		{A4B00C13-8F6B-4924-88F9-52DA831E9A5A} = {AE612417-3692-4339-BECE-7372F8559A64}
		{8444D53D-99C4-4E65-9761-8F25A1DCCF73} = {5BEB54F4-36C1-4663-8FA3-A8E3A21256FE}
		{A4178538-1C76-4678-829E-95611FE713F4} = {5BEB54F4-36C1-4663-8FA3-A8E3A21256FE}
		{6FD7553C-4BFD-4538-9C17-0372EA32D0AB} = {5BEB54F4-36C1-4663-8FA3-A8E3A21256FE}
	EndGlobalSection
	GlobalSection(ExtensibilityGlobals) = postSolution
		SolutionGuid = {8D0B86DE-C278-49DF-98FE-3288EEE538AF}
	EndGlobalSection
EndGlobal
